
Microsoft Visual Studio Solution File, Format Version 12.00
# Visual Studio 15
VisualStudioVersion = 15.0.28010.2019
MinimumVisualStudioVersion = 10.0.40219.1
Project("{FAE04EC0-301F-11D3-BF4B-00C04F79EFBC}") = "Project", "Project\Project.csproj", "{301DF591-4D80-45FF-928E-97B97956914E}"
EndProject
Global
	GlobalSection(SolutionConfigurationPlatforms) = preSolution
		Debug|Any CPU = Debug|Any CPU
		Release|Any CPU = Release|Any CPU
	EndGlobalSection
	GlobalSection(ProjectConfigurationPlatforms) = postSolution
		{301DF591-4D80-45FF-928E-97B97956914E}.Debug|Any CPU.ActiveCfg = Debug|Any CPU
		{301DF591-4D80-45FF-928E-97B97956914E}.Debug|Any CPU.Build.0 = Debug|Any CPU
		{301DF591-4D80-45FF-928E-97B97956914E}.Release|Any CPU.ActiveCfg = Release|Any CPU
		{301DF591-4D80-45FF-928E-97B97956914E}.Release|Any CPU.Build.0 = Release|Any CPU
	EndGlobalSection
	GlobalSection(SolutionProperties) = preSolution
		HideSolutionNode = FALSE
	EndGlobalSection
	GlobalSection(ExtensibilityGlobals) = postSolution
		SolutionGuid = {E5CEC4CD-C848-4BED-9DA7-62CF140B31FD}
	EndGlobalSection
EndGlobal
